// !$*UTF8*$!
{
	archiveVersion = 1;
	classes = {
	};
	objectVersion = 46;
	objects = {

/* Begin PBXBuildFile section */
		7C00AAA91E6046D1007F9256 /* MoviesSectionSelectorView.swift in Sources */ = {isa = PBXBuildFile; fileRef = 7C00AAA71E6046D1007F9256 /* MoviesSectionSelectorView.swift */; };
		7C12FDEB1E67BE9E00E324C0 /* GalleryMovie.swift in Sources */ = {isa = PBXBuildFile; fileRef = 7C12FDEA1E67BE9E00E324C0 /* GalleryMovie.swift */; };
		7C1EEDBB1E558A1000D8AE22 /* Movie.swift in Sources */ = {isa = PBXBuildFile; fileRef = 7C1EEDBA1E558A1000D8AE22 /* Movie.swift */; };
		7C1EEDBD1E558E0A00D8AE22 /* MeViewController.swift in Sources */ = {isa = PBXBuildFile; fileRef = 7C1EEDBC1E558E0A00D8AE22 /* MeViewController.swift */; };
		7C1EEDC21E558F9F00D8AE22 /* RecommendationPresenter.swift in Sources */ = {isa = PBXBuildFile; fileRef = 7C1EEDC11E558F9F00D8AE22 /* RecommendationPresenter.swift */; };
		7C1EEDC41E55951100D8AE22 /* RecommendationInteractor.swift in Sources */ = {isa = PBXBuildFile; fileRef = 7C1EEDC31E55951100D8AE22 /* RecommendationInteractor.swift */; };
		7C1EEDC61E5596F200D8AE22 /* MoviesNetworkService.swift in Sources */ = {isa = PBXBuildFile; fileRef = 7C1EEDC51E5596F200D8AE22 /* MoviesNetworkService.swift */; };
		7C1EEDC91E55988200D8AE22 /* NetworkClient.swift in Sources */ = {isa = PBXBuildFile; fileRef = 7C1EEDC81E55988200D8AE22 /* NetworkClient.swift */; };
		7C1EEDCB1E55A3CA00D8AE22 /* AFNetworking.framework in Frameworks */ = {isa = PBXBuildFile; fileRef = 7C1EEDCA1E55A3CA00D8AE22 /* AFNetworking.framework */; };
		7C1EEDCC1E55A3CA00D8AE22 /* AFNetworking.framework in Embed Frameworks */ = {isa = PBXBuildFile; fileRef = 7C1EEDCA1E55A3CA00D8AE22 /* AFNetworking.framework */; settings = {ATTRIBUTES = (CodeSignOnCopy, RemoveHeadersOnCopy, ); }; };
		7C269B111E729C4F00E2EA02 /* UIView+UpdateSubviews.swift in Sources */ = {isa = PBXBuildFile; fileRef = 7C269B101E729C4F00E2EA02 /* UIView+UpdateSubviews.swift */; };
		7C269B141E729F3700E2EA02 /* MovieRepository.swift in Sources */ = {isa = PBXBuildFile; fileRef = 7C269B131E729F3700E2EA02 /* MovieRepository.swift */; };
		7C33804E1E5AAF3000E59C81 /* RxBlocking.framework in Frameworks */ = {isa = PBXBuildFile; fileRef = 7C3380491E5AAF3000E59C81 /* RxBlocking.framework */; };
		7C33804F1E5AAF3000E59C81 /* RxBlocking.framework in Embed Frameworks */ = {isa = PBXBuildFile; fileRef = 7C3380491E5AAF3000E59C81 /* RxBlocking.framework */; settings = {ATTRIBUTES = (CodeSignOnCopy, RemoveHeadersOnCopy, ); }; };
		7C3380501E5AAF3000E59C81 /* RxCocoa.framework in Frameworks */ = {isa = PBXBuildFile; fileRef = 7C33804A1E5AAF3000E59C81 /* RxCocoa.framework */; };
		7C3380511E5AAF3000E59C81 /* RxCocoa.framework in Embed Frameworks */ = {isa = PBXBuildFile; fileRef = 7C33804A1E5AAF3000E59C81 /* RxCocoa.framework */; settings = {ATTRIBUTES = (CodeSignOnCopy, RemoveHeadersOnCopy, ); }; };
		7C3380521E5AAF3000E59C81 /* RxSwift.framework in Frameworks */ = {isa = PBXBuildFile; fileRef = 7C33804B1E5AAF3000E59C81 /* RxSwift.framework */; };
		7C3380531E5AAF3000E59C81 /* RxSwift.framework in Embed Frameworks */ = {isa = PBXBuildFile; fileRef = 7C33804B1E5AAF3000E59C81 /* RxSwift.framework */; settings = {ATTRIBUTES = (CodeSignOnCopy, RemoveHeadersOnCopy, ); }; };
		7C3380561E5AAF3000E59C81 /* Swinject.framework in Frameworks */ = {isa = PBXBuildFile; fileRef = 7C33804D1E5AAF3000E59C81 /* Swinject.framework */; };
		7C3380571E5AAF3000E59C81 /* Swinject.framework in Embed Frameworks */ = {isa = PBXBuildFile; fileRef = 7C33804D1E5AAF3000E59C81 /* Swinject.framework */; settings = {ATTRIBUTES = (CodeSignOnCopy, RemoveHeadersOnCopy, ); }; };
		7C4582041E544FAE001D5819 /* AppDelegate.swift in Sources */ = {isa = PBXBuildFile; fileRef = 7C4582031E544FAE001D5819 /* AppDelegate.swift */; };
		7C4582061E544FAE001D5819 /* RecommendationViewController.swift in Sources */ = {isa = PBXBuildFile; fileRef = 7C4582051E544FAE001D5819 /* RecommendationViewController.swift */; };
		7C4582091E544FAE001D5819 /* Main.storyboard in Resources */ = {isa = PBXBuildFile; fileRef = 7C4582071E544FAE001D5819 /* Main.storyboard */; };
		7C45820B1E544FAE001D5819 /* Assets.xcassets in Resources */ = {isa = PBXBuildFile; fileRef = 7C45820A1E544FAE001D5819 /* Assets.xcassets */; };
		7C45820E1E544FAE001D5819 /* LaunchScreen.storyboard in Resources */ = {isa = PBXBuildFile; fileRef = 7C45820C1E544FAE001D5819 /* LaunchScreen.storyboard */; };
		7C58FE4D1E681B79002C638A /* GalleryMovieCell.swift in Sources */ = {isa = PBXBuildFile; fileRef = 7C58FE4B1E681B79002C638A /* GalleryMovieCell.swift */; };
		7C58FE4E1E681B79002C638A /* GalleryMovieCell.xib in Resources */ = {isa = PBXBuildFile; fileRef = 7C58FE4C1E681B79002C638A /* GalleryMovieCell.xib */; };
		7C605F3B1E657B180045265E /* MovieSectionCell.swift in Sources */ = {isa = PBXBuildFile; fileRef = 7C605F391E657B180045265E /* MovieSectionCell.swift */; };
		7C605F3C1E657B180045265E /* MovieSectionCell.xib in Resources */ = {isa = PBXBuildFile; fileRef = 7C605F3A1E657B180045265E /* MovieSectionCell.xib */; };
		7C7D21CD1E7285FE002F28B1 /* Cosmos.framework in Frameworks */ = {isa = PBXBuildFile; fileRef = 7C7D21CC1E7285FE002F28B1 /* Cosmos.framework */; };
		7C7D21CE1E7285FE002F28B1 /* Cosmos.framework in Embed Frameworks */ = {isa = PBXBuildFile; fileRef = 7C7D21CC1E7285FE002F28B1 /* Cosmos.framework */; settings = {ATTRIBUTES = (CodeSignOnCopy, RemoveHeadersOnCopy, ); }; };
		7CC1D84C1E6406F000E3B41E /* MoviesSectionSelectorPresenter.swift in Sources */ = {isa = PBXBuildFile; fileRef = 7CC1D84B1E6406F000E3B41E /* MoviesSectionSelectorPresenter.swift */; };
		7CC987F31E55DBD400919003 /* ObjectMapper.framework in Frameworks */ = {isa = PBXBuildFile; fileRef = 7CC987F21E55DBD400919003 /* ObjectMapper.framework */; };
		7CC987F41E55DBD400919003 /* ObjectMapper.framework in Embed Frameworks */ = {isa = PBXBuildFile; fileRef = 7CC987F21E55DBD400919003 /* ObjectMapper.framework */; settings = {ATTRIBUTES = (CodeSignOnCopy, RemoveHeadersOnCopy, ); }; };
/* End PBXBuildFile section */

/* Begin PBXCopyFilesBuildPhase section */
		7C1EEDCD1E55A3CA00D8AE22 /* Embed Frameworks */ = {
			isa = PBXCopyFilesBuildPhase;
			buildActionMask = 2147483647;
			dstPath = "";
			dstSubfolderSpec = 10;
			files = (
				7C3380531E5AAF3000E59C81 /* RxSwift.framework in Embed Frameworks */,
				7C3380571E5AAF3000E59C81 /* Swinject.framework in Embed Frameworks */,
				7C3380511E5AAF3000E59C81 /* RxCocoa.framework in Embed Frameworks */,
				7CC987F41E55DBD400919003 /* ObjectMapper.framework in Embed Frameworks */,
				7C1EEDCC1E55A3CA00D8AE22 /* AFNetworking.framework in Embed Frameworks */,
				7C33804F1E5AAF3000E59C81 /* RxBlocking.framework in Embed Frameworks */,
				7C7D21CE1E7285FE002F28B1 /* Cosmos.framework in Embed Frameworks */,
			);
			name = "Embed Frameworks";
			runOnlyForDeploymentPostprocessing = 0;
		};
/* End PBXCopyFilesBuildPhase section */

/* Begin PBXFileReference section */
		7C00AAA71E6046D1007F9256 /* MoviesSectionSelectorView.swift */ = {isa = PBXFileReference; fileEncoding = 4; lastKnownFileType = sourcecode.swift; name = MoviesSectionSelectorView.swift; path = ../MoviesSectionSelectorView.swift; sourceTree = "<group>"; };
		7C12FDEA1E67BE9E00E324C0 /* GalleryMovie.swift */ = {isa = PBXFileReference; fileEncoding = 4; lastKnownFileType = sourcecode.swift; path = GalleryMovie.swift; sourceTree = "<group>"; };
		7C1EEDBA1E558A1000D8AE22 /* Movie.swift */ = {isa = PBXFileReference; fileEncoding = 4; lastKnownFileType = sourcecode.swift; path = Movie.swift; sourceTree = "<group>"; };
		7C1EEDBC1E558E0A00D8AE22 /* MeViewController.swift */ = {isa = PBXFileReference; fileEncoding = 4; lastKnownFileType = sourcecode.swift; path = MeViewController.swift; sourceTree = "<group>"; };
		7C1EEDC11E558F9F00D8AE22 /* RecommendationPresenter.swift */ = {isa = PBXFileReference; fileEncoding = 4; lastKnownFileType = sourcecode.swift; path = RecommendationPresenter.swift; sourceTree = "<group>"; };
		7C1EEDC31E55951100D8AE22 /* RecommendationInteractor.swift */ = {isa = PBXFileReference; fileEncoding = 4; lastKnownFileType = sourcecode.swift; path = RecommendationInteractor.swift; sourceTree = "<group>"; };
		7C1EEDC51E5596F200D8AE22 /* MoviesNetworkService.swift */ = {isa = PBXFileReference; fileEncoding = 4; lastKnownFileType = sourcecode.swift; path = MoviesNetworkService.swift; sourceTree = "<group>"; };
		7C1EEDC81E55988200D8AE22 /* NetworkClient.swift */ = {isa = PBXFileReference; fileEncoding = 4; lastKnownFileType = sourcecode.swift; path = NetworkClient.swift; sourceTree = "<group>"; };
		7C1EEDCA1E55A3CA00D8AE22 /* AFNetworking.framework */ = {isa = PBXFileReference; lastKnownFileType = wrapper.framework; name = AFNetworking.framework; path = Carthage/Build/iOS/AFNetworking.framework; sourceTree = "<group>"; };
		7C1EEDDB1E55A50F00D8AE22 /* Douban-Bridging-Header.h */ = {isa = PBXFileReference; lastKnownFileType = sourcecode.c.h; path = "Douban-Bridging-Header.h"; sourceTree = "<group>"; };
		7C269B101E729C4F00E2EA02 /* UIView+UpdateSubviews.swift */ = {isa = PBXFileReference; fileEncoding = 4; lastKnownFileType = sourcecode.swift; path = "UIView+UpdateSubviews.swift"; sourceTree = "<group>"; };
		7C269B131E729F3700E2EA02 /* MovieRepository.swift */ = {isa = PBXFileReference; fileEncoding = 4; lastKnownFileType = sourcecode.swift; path = MovieRepository.swift; sourceTree = "<group>"; };
		7C3380491E5AAF3000E59C81 /* RxBlocking.framework */ = {isa = PBXFileReference; lastKnownFileType = wrapper.framework; name = RxBlocking.framework; path = Carthage/Build/iOS/RxBlocking.framework; sourceTree = "<group>"; };
		7C33804A1E5AAF3000E59C81 /* RxCocoa.framework */ = {isa = PBXFileReference; lastKnownFileType = wrapper.framework; name = RxCocoa.framework; path = Carthage/Build/iOS/RxCocoa.framework; sourceTree = "<group>"; };
		7C33804B1E5AAF3000E59C81 /* RxSwift.framework */ = {isa = PBXFileReference; lastKnownFileType = wrapper.framework; name = RxSwift.framework; path = Carthage/Build/iOS/RxSwift.framework; sourceTree = "<group>"; };
		7C33804D1E5AAF3000E59C81 /* Swinject.framework */ = {isa = PBXFileReference; lastKnownFileType = wrapper.framework; name = Swinject.framework; path = Carthage/Build/iOS/Swinject.framework; sourceTree = "<group>"; };
		7C4582001E544FAE001D5819 /* Douban.app */ = {isa = PBXFileReference; explicitFileType = wrapper.application; includeInIndex = 0; path = Douban.app; sourceTree = BUILT_PRODUCTS_DIR; };
		7C4582031E544FAE001D5819 /* AppDelegate.swift */ = {isa = PBXFileReference; lastKnownFileType = sourcecode.swift; path = AppDelegate.swift; sourceTree = "<group>"; };
		7C4582051E544FAE001D5819 /* RecommendationViewController.swift */ = {isa = PBXFileReference; lastKnownFileType = sourcecode.swift; path = RecommendationViewController.swift; sourceTree = "<group>"; };
		7C4582081E544FAE001D5819 /* Base */ = {isa = PBXFileReference; lastKnownFileType = file.storyboard; name = Base; path = Base.lproj/Main.storyboard; sourceTree = "<group>"; };
		7C45820A1E544FAE001D5819 /* Assets.xcassets */ = {isa = PBXFileReference; lastKnownFileType = folder.assetcatalog; path = Assets.xcassets; sourceTree = "<group>"; };
		7C45820D1E544FAE001D5819 /* Base */ = {isa = PBXFileReference; lastKnownFileType = file.storyboard; name = Base; path = Base.lproj/LaunchScreen.storyboard; sourceTree = "<group>"; };
		7C45820F1E544FAE001D5819 /* Info.plist */ = {isa = PBXFileReference; lastKnownFileType = text.plist.xml; path = Info.plist; sourceTree = "<group>"; };
		7C58FE4B1E681B79002C638A /* GalleryMovieCell.swift */ = {isa = PBXFileReference; fileEncoding = 4; lastKnownFileType = sourcecode.swift; path = GalleryMovieCell.swift; sourceTree = "<group>"; };
		7C58FE4C1E681B79002C638A /* GalleryMovieCell.xib */ = {isa = PBXFileReference; fileEncoding = 4; lastKnownFileType = file.xib; path = GalleryMovieCell.xib; sourceTree = "<group>"; };
		7C605F391E657B180045265E /* MovieSectionCell.swift */ = {isa = PBXFileReference; fileEncoding = 4; lastKnownFileType = sourcecode.swift; path = MovieSectionCell.swift; sourceTree = "<group>"; };
		7C605F3A1E657B180045265E /* MovieSectionCell.xib */ = {isa = PBXFileReference; fileEncoding = 4; lastKnownFileType = file.xib; path = MovieSectionCell.xib; sourceTree = "<group>"; };
		7C7D21CC1E7285FE002F28B1 /* Cosmos.framework */ = {isa = PBXFileReference; lastKnownFileType = wrapper.framework; name = Cosmos.framework; path = Carthage/Build/iOS/Cosmos.framework; sourceTree = "<group>"; };
		7CC1D84B1E6406F000E3B41E /* MoviesSectionSelectorPresenter.swift */ = {isa = PBXFileReference; fileEncoding = 4; lastKnownFileType = sourcecode.swift; path = MoviesSectionSelectorPresenter.swift; sourceTree = "<group>"; };
		7CC987F21E55DBD400919003 /* ObjectMapper.framework */ = {isa = PBXFileReference; lastKnownFileType = wrapper.framework; name = ObjectMapper.framework; path = Carthage/Build/iOS/ObjectMapper.framework; sourceTree = "<group>"; };
/* End PBXFileReference section */

/* Begin PBXFrameworksBuildPhase section */
		7C4581FD1E544FAE001D5819 /* Frameworks */ = {
			isa = PBXFrameworksBuildPhase;
			buildActionMask = 2147483647;
			files = (
				7C3380521E5AAF3000E59C81 /* RxSwift.framework in Frameworks */,
				7C3380561E5AAF3000E59C81 /* Swinject.framework in Frameworks */,
				7C3380501E5AAF3000E59C81 /* RxCocoa.framework in Frameworks */,
				7CC987F31E55DBD400919003 /* ObjectMapper.framework in Frameworks */,
				7C1EEDCB1E55A3CA00D8AE22 /* AFNetworking.framework in Frameworks */,
				7C33804E1E5AAF3000E59C81 /* RxBlocking.framework in Frameworks */,
				7C7D21CD1E7285FE002F28B1 /* Cosmos.framework in Frameworks */,
			);
			runOnlyForDeploymentPostprocessing = 0;
		};
/* End PBXFrameworksBuildPhase section */

/* Begin PBXGroup section */
		7C1EEDB81E55898000D8AE22 /* Interator */ = {
			isa = PBXGroup;
			children = (
				7C1EEDC31E55951100D8AE22 /* RecommendationInteractor.swift */,
			);
			name = Interator;
			sourceTree = "<group>";
		};
		7C1EEDB91E55899C00D8AE22 /* Entity */ = {
			isa = PBXGroup;
			children = (
				7C1EEDBA1E558A1000D8AE22 /* Movie.swift */,
			);
			name = Entity;
			sourceTree = "<group>";
		};
		7C1EEDBE1E558F6600D8AE22 /* Presentater */ = {
			isa = PBXGroup;
			children = (
				7C1EEDC11E558F9F00D8AE22 /* RecommendationPresenter.swift */,
				7CC1D84B1E6406F000E3B41E /* MoviesSectionSelectorPresenter.swift */,
			);
			name = Presentater;
			sourceTree = "<group>";
		};
		7C1EEDC71E5597F900D8AE22 /* Network */ = {
			isa = PBXGroup;
			children = (
				7C1EEDC81E55988200D8AE22 /* NetworkClient.swift */,
			);
			name = Network;
			sourceTree = "<group>";
		};
		7C1EEDCE1E55A3D400D8AE22 /* Framework */ = {
			isa = PBXGroup;
			children = (
				7C7D21CC1E7285FE002F28B1 /* Cosmos.framework */,
				7C3380491E5AAF3000E59C81 /* RxBlocking.framework */,
				7C33804A1E5AAF3000E59C81 /* RxCocoa.framework */,
				7C33804B1E5AAF3000E59C81 /* RxSwift.framework */,
				7C33804D1E5AAF3000E59C81 /* Swinject.framework */,
				7CC987F21E55DBD400919003 /* ObjectMapper.framework */,
				7C1EEDCA1E55A3CA00D8AE22 /* AFNetworking.framework */,
			);
			name = Framework;
			sourceTree = "<group>";
		};
		7C269B0F1E729C3000E2EA02 /* Common */ = {
			isa = PBXGroup;
			children = (
				7C269B101E729C4F00E2EA02 /* UIView+UpdateSubviews.swift */,
				7C1EEDDB1E55A50F00D8AE22 /* Douban-Bridging-Header.h */,
			);
			name = Common;
			sourceTree = "<group>";
		};
		7C269B121E729EEF00E2EA02 /* DataPresistence */ = {
			isa = PBXGroup;
			children = (
				7C269B131E729F3700E2EA02 /* MovieRepository.swift */,
			);
			name = DataPresistence;
			sourceTree = "<group>";
		};
		7C269B151E729FCC00E2EA02 /* Resource */ = {
			isa = PBXGroup;
			children = (
				7C45820A1E544FAE001D5819 /* Assets.xcassets */,
				7C45820C1E544FAE001D5819 /* LaunchScreen.storyboard */,
				7C45820F1E544FAE001D5819 /* Info.plist */,
			);
			name = Resource;
			sourceTree = "<group>";
		};
		7C269B161E729FEB00E2EA02 /* Main */ = {
			isa = PBXGroup;
			children = (
				7C4582071E544FAE001D5819 /* Main.storyboard */,
				7C4582031E544FAE001D5819 /* AppDelegate.swift */,
			);
			name = Main;
			sourceTree = "<group>";
		};
		7C269B171E72A01A00E2EA02 /* Me */ = {
			isa = PBXGroup;
			children = (
				7C1EEDBC1E558E0A00D8AE22 /* MeViewController.swift */,
			);
			name = Me;
			sourceTree = "<group>";
		};
		7C4581F71E544FAE001D5819 = {
			isa = PBXGroup;
			children = (
				7C1EEDCE1E55A3D400D8AE22 /* Framework */,
				7C4582021E544FAE001D5819 /* Douban */,
				7C4582011E544FAE001D5819 /* Products */,
			);
			sourceTree = "<group>";
		};
		7C4582011E544FAE001D5819 /* Products */ = {
			isa = PBXGroup;
			children = (
				7C4582001E544FAE001D5819 /* Douban.app */,
			);
			name = Products;
			sourceTree = "<group>";
		};
		7C4582021E544FAE001D5819 /* Douban */ = {
			isa = PBXGroup;
			children = (
				7C269B171E72A01A00E2EA02 /* Me */,
				7C269B161E729FEB00E2EA02 /* Main */,
				7C269B121E729EEF00E2EA02 /* DataPresistence */,
				7C269B0F1E729C3000E2EA02 /* Common */,
				7C1EEDC71E5597F900D8AE22 /* Network */,
				7CC83A7A1E55498E0068A05A /* Service */,
				7C4582161E545A23001D5819 /* Recommendation */,
				7C269B151E729FCC00E2EA02 /* Resource */,
			);
			path = Douban;
			sourceTree = "<group>";
		};
		7C4582161E545A23001D5819 /* Recommendation */ = {
			isa = PBXGroup;
			children = (
				7CE60F451E570374002CB1FA /* Model */,
				7C1EEDB91E55899C00D8AE22 /* Entity */,
				7CE60F441E56EAD3002CB1FA /* View */,
				7C1EEDBE1E558F6600D8AE22 /* Presentater */,
				7C1EEDB81E55898000D8AE22 /* Interator */,
			);
			name = Recommendation;
			sourceTree = "<group>";
		};
		7C605F341E6578B70045265E /* Movie */ = {
			isa = PBXGroup;
			children = (
				7C00AAA71E6046D1007F9256 /* MoviesSectionSelectorView.swift */,
				7C605F391E657B180045265E /* MovieSectionCell.swift */,
				7C605F3A1E657B180045265E /* MovieSectionCell.xib */,
				7C58FE4B1E681B79002C638A /* GalleryMovieCell.swift */,
				7C58FE4C1E681B79002C638A /* GalleryMovieCell.xib */,
			);
			name = Movie;
			sourceTree = "<group>";
		};
		7CC83A7A1E55498E0068A05A /* Service */ = {
			isa = PBXGroup;
			children = (
				7C1EEDC51E5596F200D8AE22 /* MoviesNetworkService.swift */,
			);
			name = Service;
			sourceTree = "<group>";
		};
		7CE60F441E56EAD3002CB1FA /* View */ = {
			isa = PBXGroup;
			children = (
				7C4582051E544FAE001D5819 /* RecommendationViewController.swift */,
				7C605F341E6578B70045265E /* Movie */,
			);
			name = View;
			sourceTree = "<group>";
		};
		7CE60F451E570374002CB1FA /* Model */ = {
			isa = PBXGroup;
			children = (
				7C12FDEA1E67BE9E00E324C0 /* GalleryMovie.swift */,
			);
			name = Model;
			sourceTree = "<group>";
		};
/* End PBXGroup section */

/* Begin PBXNativeTarget section */
		7C4581FF1E544FAE001D5819 /* Douban */ = {
			isa = PBXNativeTarget;
			buildConfigurationList = 7C4582121E544FAE001D5819 /* Build configuration list for PBXNativeTarget "Douban" */;
			buildPhases = (
				7C4581FC1E544FAE001D5819 /* Sources */,
				7C4581FD1E544FAE001D5819 /* Frameworks */,
				7C4581FE1E544FAE001D5819 /* Resources */,
				7C1EEDCD1E55A3CA00D8AE22 /* Embed Frameworks */,
			);
			buildRules = (
			);
			dependencies = (
			);
			name = Douban;
			productName = Douban;
			productReference = 7C4582001E544FAE001D5819 /* Douban.app */;
			productType = "com.apple.product-type.application";
		};
/* End PBXNativeTarget section */

/* Begin PBXProject section */
		7C4581F81E544FAE001D5819 /* Project object */ = {
			isa = PBXProject;
			attributes = {
				LastSwiftUpdateCheck = 0820;
				LastUpgradeCheck = 0820;
				ORGANIZATIONNAME = XinGuo;
				TargetAttributes = {
					7C4581FF1E544FAE001D5819 = {
						CreatedOnToolsVersion = 8.2.1;
						DevelopmentTeam = JAX8P4BTK4;
						LastSwiftMigration = 0820;
						ProvisioningStyle = Automatic;
					};
				};
			};
			buildConfigurationList = 7C4581FB1E544FAE001D5819 /* Build configuration list for PBXProject "Douban" */;
			compatibilityVersion = "Xcode 3.2";
			developmentRegion = English;
			hasScannedForEncodings = 0;
			knownRegions = (
				en,
				Base,
			);
			mainGroup = 7C4581F71E544FAE001D5819;
			productRefGroup = 7C4582011E544FAE001D5819 /* Products */;
			projectDirPath = "";
			projectRoot = "";
			targets = (
				7C4581FF1E544FAE001D5819 /* Douban */,
			);
		};
/* End PBXProject section */

/* Begin PBXResourcesBuildPhase section */
		7C4581FE1E544FAE001D5819 /* Resources */ = {
			isa = PBXResourcesBuildPhase;
			buildActionMask = 2147483647;
			files = (
				7C45820E1E544FAE001D5819 /* LaunchScreen.storyboard in Resources */,
				7C58FE4E1E681B79002C638A /* GalleryMovieCell.xib in Resources */,
				7C45820B1E544FAE001D5819 /* Assets.xcassets in Resources */,
				7C605F3C1E657B180045265E /* MovieSectionCell.xib in Resources */,
				7C4582091E544FAE001D5819 /* Main.storyboard in Resources */,
			);
			runOnlyForDeploymentPostprocessing = 0;
		};
/* End PBXResourcesBuildPhase section */

/* Begin PBXSourcesBuildPhase section */
		7C4581FC1E544FAE001D5819 /* Sources */ = {
			isa = PBXSourcesBuildPhase;
			buildActionMask = 2147483647;
			files = (
				7C1EEDBD1E558E0A00D8AE22 /* MeViewController.swift in Sources */,
				7C605F3B1E657B180045265E /* MovieSectionCell.swift in Sources */,
				7C4582061E544FAE001D5819 /* RecommendationViewController.swift in Sources */,
				7C269B111E729C4F00E2EA02 /* UIView+UpdateSubviews.swift in Sources */,
				7C1EEDC21E558F9F00D8AE22 /* RecommendationPresenter.swift in Sources */,
				7C1EEDC61E5596F200D8AE22 /* MoviesNetworkService.swift in Sources */,
				7C1EEDBB1E558A1000D8AE22 /* Movie.swift in Sources */,
				7C1EEDC41E55951100D8AE22 /* RecommendationInteractor.swift in Sources */,
				7C269B141E729F3700E2EA02 /* MovieRepository.swift in Sources */,
				7CC1D84C1E6406F000E3B41E /* MoviesSectionSelectorPresenter.swift in Sources */,
				7C58FE4D1E681B79002C638A /* GalleryMovieCell.swift in Sources */,
				7C00AAA91E6046D1007F9256 /* MoviesSectionSelectorView.swift in Sources */,
				7C12FDEB1E67BE9E00E324C0 /* GalleryMovie.swift in Sources */,
				7C4582041E544FAE001D5819 /* AppDelegate.swift in Sources */,
				7C1EEDC91E55988200D8AE22 /* NetworkClient.swift in Sources */,
			);
			runOnlyForDeploymentPostprocessing = 0;
		};
/* End PBXSourcesBuildPhase section */

/* Begin PBXVariantGroup section */
		7C4582071E544FAE001D5819 /* Main.storyboard */ = {
			isa = PBXVariantGroup;
			children = (
				7C4582081E544FAE001D5819 /* Base */,
			);
			name = Main.storyboard;
			sourceTree = "<group>";
		};
		7C45820C1E544FAE001D5819 /* LaunchScreen.storyboard */ = {
			isa = PBXVariantGroup;
			children = (
				7C45820D1E544FAE001D5819 /* Base */,
			);
			name = LaunchScreen.storyboard;
			sourceTree = "<group>";
		};
/* End PBXVariantGroup section */

/* Begin XCBuildConfiguration section */
		7C4582101E544FAE001D5819 /* Debug */ = {
			isa = XCBuildConfiguration;
			buildSettings = {
				ALWAYS_SEARCH_USER_PATHS = NO;
				CLANG_ANALYZER_NONNULL = YES;
				CLANG_CXX_LANGUAGE_STANDARD = "gnu++0x";
				CLANG_CXX_LIBRARY = "libc++";
				CLANG_ENABLE_MODULES = YES;
				CLANG_ENABLE_OBJC_ARC = YES;
				CLANG_WARN_BOOL_CONVERSION = YES;
				CLANG_WARN_CONSTANT_CONVERSION = YES;
				CLANG_WARN_DIRECT_OBJC_ISA_USAGE = YES_ERROR;
				CLANG_WARN_DOCUMENTATION_COMMENTS = YES;
				CLANG_WARN_EMPTY_BODY = YES;
				CLANG_WARN_ENUM_CONVERSION = YES;
				CLANG_WARN_INFINITE_RECURSION = YES;
				CLANG_WARN_INT_CONVERSION = YES;
				CLANG_WARN_OBJC_ROOT_CLASS = YES_ERROR;
				CLANG_WARN_SUSPICIOUS_MOVE = YES;
				CLANG_WARN_UNREACHABLE_CODE = YES;
				CLANG_WARN__DUPLICATE_METHOD_MATCH = YES;
				"CODE_SIGN_IDENTITY[sdk=iphoneos*]" = "iPhone Developer";
				COPY_PHASE_STRIP = NO;
				DEBUG_INFORMATION_FORMAT = dwarf;
				ENABLE_STRICT_OBJC_MSGSEND = YES;
				ENABLE_TESTABILITY = YES;
				GCC_C_LANGUAGE_STANDARD = gnu99;
				GCC_DYNAMIC_NO_PIC = NO;
				GCC_NO_COMMON_BLOCKS = YES;
				GCC_OPTIMIZATION_LEVEL = 0;
				GCC_PREPROCESSOR_DEFINITIONS = (
					"DEBUG=1",
					"$(inherited)",
				);
				GCC_WARN_64_TO_32_BIT_CONVERSION = YES;
				GCC_WARN_ABOUT_RETURN_TYPE = YES_ERROR;
				GCC_WARN_UNDECLARED_SELECTOR = YES;
				GCC_WARN_UNINITIALIZED_AUTOS = YES_AGGRESSIVE;
				GCC_WARN_UNUSED_FUNCTION = YES;
				GCC_WARN_UNUSED_VARIABLE = YES;
				IPHONEOS_DEPLOYMENT_TARGET = 10.2;
				MTL_ENABLE_DEBUG_INFO = YES;
				ONLY_ACTIVE_ARCH = YES;
				SDKROOT = iphoneos;
				SWIFT_ACTIVE_COMPILATION_CONDITIONS = DEBUG;
				SWIFT_OPTIMIZATION_LEVEL = "-Onone";
				TARGETED_DEVICE_FAMILY = "1,2";
			};
			name = Debug;
		};
		7C4582111E544FAE001D5819 /* Release */ = {
			isa = XCBuildConfiguration;
			buildSettings = {
				ALWAYS_SEARCH_USER_PATHS = NO;
				CLANG_ANALYZER_NONNULL = YES;
				CLANG_CXX_LANGUAGE_STANDARD = "gnu++0x";
				CLANG_CXX_LIBRARY = "libc++";
				CLANG_ENABLE_MODULES = YES;
				CLANG_ENABLE_OBJC_ARC = YES;
				CLANG_WARN_BOOL_CONVERSION = YES;
				CLANG_WARN_CONSTANT_CONVERSION = YES;
				CLANG_WARN_DIRECT_OBJC_ISA_USAGE = YES_ERROR;
				CLANG_WARN_DOCUMENTATION_COMMENTS = YES;
				CLANG_WARN_EMPTY_BODY = YES;
				CLANG_WARN_ENUM_CONVERSION = YES;
				CLANG_WARN_INFINITE_RECURSION = YES;
				CLANG_WARN_INT_CONVERSION = YES;
				CLANG_WARN_OBJC_ROOT_CLASS = YES_ERROR;
				CLANG_WARN_SUSPICIOUS_MOVE = YES;
				CLANG_WARN_UNREACHABLE_CODE = YES;
				CLANG_WARN__DUPLICATE_METHOD_MATCH = YES;
				"CODE_SIGN_IDENTITY[sdk=iphoneos*]" = "iPhone Developer";
				COPY_PHASE_STRIP = NO;
				DEBUG_INFORMATION_FORMAT = "dwarf-with-dsym";
				ENABLE_NS_ASSERTIONS = NO;
				ENABLE_STRICT_OBJC_MSGSEND = YES;
				GCC_C_LANGUAGE_STANDARD = gnu99;
				GCC_NO_COMMON_BLOCKS = YES;
				GCC_WARN_64_TO_32_BIT_CONVERSION = YES;
				GCC_WARN_ABOUT_RETURN_TYPE = YES_ERROR;
				GCC_WARN_UNDECLARED_SELECTOR = YES;
				GCC_WARN_UNINITIALIZED_AUTOS = YES_AGGRESSIVE;
				GCC_WARN_UNUSED_FUNCTION = YES;
				GCC_WARN_UNUSED_VARIABLE = YES;
				IPHONEOS_DEPLOYMENT_TARGET = 10.2;
				MTL_ENABLE_DEBUG_INFO = NO;
				SDKROOT = iphoneos;
				SWIFT_OPTIMIZATION_LEVEL = "-Owholemodule";
				TARGETED_DEVICE_FAMILY = "1,2";
				VALIDATE_PRODUCT = YES;
			};
			name = Release;
		};
		7C4582131E544FAE001D5819 /* Debug */ = {
			isa = XCBuildConfiguration;
			buildSettings = {
				ASSETCATALOG_COMPILER_APPICON_NAME = AppIcon;
				CLANG_ENABLE_MODULES = YES;
				DEVELOPMENT_TEAM = JAX8P4BTK4;
				FRAMEWORK_SEARCH_PATHS = (
					"$(inherited)",
					"$(PROJECT_DIR)/Carthage/Build/iOS",
				);
				INFOPLIST_FILE = Douban/Info.plist;
				LD_RUNPATH_SEARCH_PATHS = "$(inherited) @executable_path/Frameworks";
				PRODUCT_BUNDLE_IDENTIFIER = XG.Douban;
				PRODUCT_NAME = "$(TARGET_NAME)";
				SWIFT_OBJC_BRIDGING_HEADER = "Douban/Douban-Bridging-Header.h";
				SWIFT_OPTIMIZATION_LEVEL = "-Onone";
				SWIFT_VERSION = 3.0;
			};
			name = Debug;
		};
		7C4582141E544FAE001D5819 /* Release */ = {
			isa = XCBuildConfiguration;
			buildSettings = {
				ASSETCATALOG_COMPILER_APPICON_NAME = AppIcon;
				CLANG_ENABLE_MODULES = YES;
				DEVELOPMENT_TEAM = JAX8P4BTK4;
				FRAMEWORK_SEARCH_PATHS = (
					"$(inherited)",
					"$(PROJECT_DIR)/Carthage/Build/iOS",
				);
				INFOPLIST_FILE = Douban/Info.plist;
				LD_RUNPATH_SEARCH_PATHS = "$(inherited) @executable_path/Frameworks";
				PRODUCT_BUNDLE_IDENTIFIER = XG.Douban;
				PRODUCT_NAME = "$(TARGET_NAME)";
				SWIFT_OBJC_BRIDGING_HEADER = "Douban/Douban-Bridging-Header.h";
				SWIFT_VERSION = 3.0;
			};
			name = Release;
		};
/* End XCBuildConfiguration section */

/* Begin XCConfigurationList section */
		7C4581FB1E544FAE001D5819 /* Build configuration list for PBXProject "Douban" */ = {
			isa = XCConfigurationList;
			buildConfigurations = (
				7C4582101E544FAE001D5819 /* Debug */,
				7C4582111E544FAE001D5819 /* Release */,
			);
			defaultConfigurationIsVisible = 0;
			defaultConfigurationName = Release;
		};
		7C4582121E544FAE001D5819 /* Build configuration list for PBXNativeTarget "Douban" */ = {
			isa = XCConfigurationList;
			buildConfigurations = (
				7C4582131E544FAE001D5819 /* Debug */,
				7C4582141E544FAE001D5819 /* Release */,
			);
			defaultConfigurationIsVisible = 0;
			defaultConfigurationName = Release;
		};
/* End XCConfigurationList section */
	};
	rootObject = 7C4581F81E544FAE001D5819 /* Project object */;
}
